
Microsoft Visual Studio Solution File, Format Version 12.00
# Visual Studio 15
VisualStudioVersion = 15.0.27130.2020
MinimumVisualStudioVersion = 10.0.40219.1
Project("{FAE04EC0-301F-11D3-BF4B-00C04F79EFBC}") = "WindowsFormsApp1", "WindowsFormsApp1\WindowsFormsApp1.csproj", "{C1CDC630-06C7-496A-8C8B-B4C97EC094AB}"
EndProject
Global
	GlobalSection(SolutionConfigurationPlatforms) = preSolution
		Debug|Any CPU = Debug|Any CPU
		Release|Any CPU = Release|Any CPU
	EndGlobalSection
	GlobalSection(ProjectConfigurationPlatforms) = postSolution
		{C1CDC630-06C7-496A-8C8B-B4C97EC094AB}.Debug|Any CPU.ActiveCfg = Debug|Any CPU
		{C1CDC630-06C7-496A-8C8B-B4C97EC094AB}.Debug|Any CPU.Build.0 = Debug|Any CPU
		{C1CDC630-06C7-496A-8C8B-B4C97EC094AB}.Release|Any CPU.ActiveCfg = Release|Any CPU
		{C1CDC630-06C7-496A-8C8B-B4C97EC094AB}.Release|Any CPU.Build.0 = Release|Any CPU
	EndGlobalSection
	GlobalSection(SolutionProperties) = preSolution
		HideSolutionNode = FALSE
	EndGlobalSection
	GlobalSection(ExtensibilityGlobals) = postSolution
		SolutionGuid = {42DB86F1-94E0-4AEE-9C04-637D581532DB}
	EndGlobalSection
EndGlobal
